
Microsoft Visual Studio Solution File, Format Version 12.00
# Visual Studio Version 17
VisualStudioVersion = 17.2.32616.157
MinimumVisualStudioVersion = 10.0.40219.1
Project("{FAE04EC0-301F-11D3-BF4B-00C04F79EFBC}") = "IdeagenCalculator", "IdeagenCalculator\IdeagenCalculator.csproj", "{6DA1BE11-C186-4A5A-B2D5-E5CA09C72550}"
EndProject
Global
	GlobalSection(SolutionConfigurationPlatforms) = preSolution
		Debug|Any CPU = Debug|Any CPU
		Release|Any CPU = Release|Any CPU
	EndGlobalSection
	GlobalSection(ProjectConfigurationPlatforms) = postSolution
		{6DA1BE11-C186-4A5A-B2D5-E5CA09C72550}.Debug|Any CPU.ActiveCfg = Debug|Any CPU
		{6DA1BE11-C186-4A5A-B2D5-E5CA09C72550}.Debug|Any CPU.Build.0 = Debug|Any CPU
		{6DA1BE11-C186-4A5A-B2D5-E5CA09C72550}.Release|Any CPU.ActiveCfg = Release|Any CPU
		{6DA1BE11-C186-4A5A-B2D5-E5CA09C72550}.Release|Any CPU.Build.0 = Release|Any CPU
	EndGlobalSection
	GlobalSection(SolutionProperties) = preSolution
		HideSolutionNode = FALSE
	EndGlobalSection
	GlobalSection(ExtensibilityGlobals) = postSolution
		SolutionGuid = {203A3188-F1E2-4E7A-AAD6-B395C4123D9A}
	EndGlobalSection
EndGlobal
